
Microsoft Visual Studio Solution File, Format Version 12.00
# Visual Studio Version 16
VisualStudioVersion = 16.0.30320.27
MinimumVisualStudioVersion = 10.0.40219.1
Project("{FAE04EC0-301F-11D3-BF4B-00C04F79EFBC}") = "Lab9", "Lab9\Lab9.csproj", "{8DC04E7D-E083-4BBA-AF5B-D287C8F3F042}"
EndProject
Global
	GlobalSection(SolutionConfigurationPlatforms) = preSolution
		Debug|Any CPU = Debug|Any CPU
		Release|Any CPU = Release|Any CPU
	EndGlobalSection
	GlobalSection(ProjectConfigurationPlatforms) = postSolution
		{8DC04E7D-E083-4BBA-AF5B-D287C8F3F042}.Debug|Any CPU.ActiveCfg = Debug|Any CPU
		{8DC04E7D-E083-4BBA-AF5B-D287C8F3F042}.Debug|Any CPU.Build.0 = Debug|Any CPU
		{8DC04E7D-E083-4BBA-AF5B-D287C8F3F042}.Release|Any CPU.ActiveCfg = Release|Any CPU
		{8DC04E7D-E083-4BBA-AF5B-D287C8F3F042}.Release|Any CPU.Build.0 = Release|Any CPU
	EndGlobalSection
	GlobalSection(SolutionProperties) = preSolution
		HideSolutionNode = FALSE
	EndGlobalSection
	GlobalSection(ExtensibilityGlobals) = postSolution
		SolutionGuid = {D6314552-459F-4F19-A4D6-E7913D395E93}
	EndGlobalSection
EndGlobal
